
Microsoft Visual Studio Solution File, Format Version 12.00
# Visual Studio Version 17
VisualStudioVersion = 17.7.34024.191
MinimumVisualStudioVersion = 10.0.40219.1
Project("{FAE04EC0-301F-11D3-BF4B-00C04F79EFBC}") = "FoodDelivery.WebAPI", "FoodDelivery.WebAPI\FoodDelivery.WebAPI.csproj", "{1B3E619E-ECC9-49D7-B334-149001A389C5}"
EndProject
Project("{FAE04EC0-301F-11D3-BF4B-00C04F79EFBC}") = "FoodDelivery.Services", "FoodDelivery.Services\FoodDelivery.Services.csproj", "{77A39755-E500-403C-B48D-B15CDF03C18E}"
EndProject
Project("{FAE04EC0-301F-11D3-BF4B-00C04F79EFBC}") = "FoodDelivery.DataAccess", "FoodDelivery.DataAccess\FoodDelivery.DataAccess.csproj", "{7781CE98-2D3C-4871-9150-B8C0E4B060A1}"
EndProject
Project("{FAE04EC0-301F-11D3-BF4B-00C04F79EFBC}") = "FoodDelivery.BL", "FoodDelivery.BL\FoodDelivery.BL.csproj", "{17551C1F-0686-4D24-87E8-400FBB96BF12}"
EndProject
Global
	GlobalSection(SolutionConfigurationPlatforms) = preSolution
		Debug|Any CPU = Debug|Any CPU
		Release|Any CPU = Release|Any CPU
	EndGlobalSection
	GlobalSection(ProjectConfigurationPlatforms) = postSolution
		{1B3E619E-ECC9-49D7-B334-149001A389C5}.Debug|Any CPU.ActiveCfg = Debug|Any CPU
		{1B3E619E-ECC9-49D7-B334-149001A389C5}.Debug|Any CPU.Build.0 = Debug|Any CPU
		{1B3E619E-ECC9-49D7-B334-149001A389C5}.Release|Any CPU.ActiveCfg = Release|Any CPU
		{1B3E619E-ECC9-49D7-B334-149001A389C5}.Release|Any CPU.Build.0 = Release|Any CPU
		{77A39755-E500-403C-B48D-B15CDF03C18E}.Debug|Any CPU.ActiveCfg = Debug|Any CPU
		{77A39755-E500-403C-B48D-B15CDF03C18E}.Debug|Any CPU.Build.0 = Debug|Any CPU
		{77A39755-E500-403C-B48D-B15CDF03C18E}.Release|Any CPU.ActiveCfg = Release|Any CPU
		{77A39755-E500-403C-B48D-B15CDF03C18E}.Release|Any CPU.Build.0 = Release|Any CPU
		{7781CE98-2D3C-4871-9150-B8C0E4B060A1}.Debug|Any CPU.ActiveCfg = Debug|Any CPU
		{7781CE98-2D3C-4871-9150-B8C0E4B060A1}.Debug|Any CPU.Build.0 = Debug|Any CPU
		{7781CE98-2D3C-4871-9150-B8C0E4B060A1}.Release|Any CPU.ActiveCfg = Release|Any CPU
		{7781CE98-2D3C-4871-9150-B8C0E4B060A1}.Release|Any CPU.Build.0 = Release|Any CPU
		{17551C1F-0686-4D24-87E8-400FBB96BF12}.Debug|Any CPU.ActiveCfg = Debug|Any CPU
		{17551C1F-0686-4D24-87E8-400FBB96BF12}.Debug|Any CPU.Build.0 = Debug|Any CPU
		{17551C1F-0686-4D24-87E8-400FBB96BF12}.Release|Any CPU.ActiveCfg = Release|Any CPU
		{17551C1F-0686-4D24-87E8-400FBB96BF12}.Release|Any CPU.Build.0 = Release|Any CPU
	EndGlobalSection
	GlobalSection(SolutionProperties) = preSolution
		HideSolutionNode = FALSE
	EndGlobalSection
	GlobalSection(ExtensibilityGlobals) = postSolution
		SolutionGuid = {93BB1489-3FF2-4F1B-820B-E77FD23F61CD}
	EndGlobalSection
EndGlobal
